Microsoft Visual Studio Solution File, Format Version 12.00
# Visual Studio Version 17
VisualStudioVersion = 17.5.2.0
MinimumVisualStudioVersion = 10.0.40219.1
Project("{FAE04EC0-301F-11D3-BF4B-00C04F79EFBC}") = "Tiki", "Tiki.csproj", "{F560007E-E768-8802-CFF1-42F94C12025A}"
EndProject
Global
	GlobalSection(SolutionConfigurationPlatforms) = preSolution
		Debug|Any CPU = Debug|Any CPU
		Release|Any CPU = Release|Any CPU
	EndGlobalSection
	GlobalSection(ProjectConfigurationPlatforms) = postSolution
		{F560007E-E768-8802-CFF1-42F94C12025A}.Debug|Any CPU.ActiveCfg = Debug|Any CPU
		{F560007E-E768-8802-CFF1-42F94C12025A}.Debug|Any CPU.Build.0 = Debug|Any CPU
		{F560007E-E768-8802-CFF1-42F94C12025A}.Release|Any CPU.ActiveCfg = Release|Any CPU
		{F560007E-E768-8802-CFF1-42F94C12025A}.Release|Any CPU.Build.0 = Release|Any CPU
	EndGlobalSection
	GlobalSection(SolutionProperties) = preSolution
		HideSolutionNode = FALSE
	EndGlobalSection
	GlobalSection(ExtensibilityGlobals) = postSolution
		SolutionGuid = {F3B2C6D4-1328-4647-B128-BA45B806E997}
	EndGlobalSection
EndGlobal
